
Microsoft Visual Studio Solution File, Format Version 12.00
# Visual Studio Version 16
VisualStudioVersion = 16.0.29609.76
MinimumVisualStudioVersion = 10.0.40219.1
Project("{FAE04EC0-301F-11D3-BF4B-00C04F79EFBC}") = "WellApi", "WellApi\WellApi.csproj", "{1C7A75F4-67CC-4CFD-AE1A-B911E809475C}"
EndProject
Global
	GlobalSection(SolutionConfigurationPlatforms) = preSolution
		Debug|Any CPU = Debug|Any CPU
		Release|Any CPU = Release|Any CPU
	EndGlobalSection
	GlobalSection(ProjectConfigurationPlatforms) = postSolution
		{1C7A75F4-67CC-4CFD-AE1A-B911E809475C}.Debug|Any CPU.ActiveCfg = Debug|Any CPU
		{1C7A75F4-67CC-4CFD-AE1A-B911E809475C}.Debug|Any CPU.Build.0 = Debug|Any CPU
		{1C7A75F4-67CC-4CFD-AE1A-B911E809475C}.Release|Any CPU.ActiveCfg = Release|Any CPU
		{1C7A75F4-67CC-4CFD-AE1A-B911E809475C}.Release|Any CPU.Build.0 = Release|Any CPU
	EndGlobalSection
	GlobalSection(SolutionProperties) = preSolution
		HideSolutionNode = FALSE
	EndGlobalSection
	GlobalSection(ExtensibilityGlobals) = postSolution
		SolutionGuid = {F9A95828-1B0C-41BD-9902-16796ED6EE99}
	EndGlobalSection
EndGlobal
